// !$*UTF8*$!
{
	archiveVersion = 1;
	classes = {
	};
	objectVersion = 50;
	objects = {

/* Begin PBXBuildFile section */
		9AD5A637F8C7382C38C27331 /* Pods_Inventory_TrackerUITests.framework in Frameworks */ = {isa = PBXBuildFile; fileRef = 2E1A1F9362311B3FD0574580 /* Pods_Inventory_TrackerUITests.framework */; };
		B05DAD148AE85A9DE79A078F /* Pods_Inventory_TrackerTests.framework in Frameworks */ = {isa = PBXBuildFile; fileRef = E8DA4A7A4F9BAF123E96C63D /* Pods_Inventory_TrackerTests.framework */; };
		DE13CC57F8BB7852AB4241BD /* Pods_Inventory_Tracker.framework in Frameworks */ = {isa = PBXBuildFile; fileRef = 67F0DA8A30B8F7D600AA7AA2 /* Pods_Inventory_Tracker.framework */; };
		EF668E8322C2E6DA00E6AF2F /* AppDelegate.swift in Sources */ = {isa = PBXBuildFile; fileRef = EF668E8222C2E6DA00E6AF2F /* AppDelegate.swift */; };
		EF668E8522C2E6DA00E6AF2F /* ViewController.swift in Sources */ = {isa = PBXBuildFile; fileRef = EF668E8422C2E6DA00E6AF2F /* ViewController.swift */; };
		EF668E8822C2E6DA00E6AF2F /* Main.storyboard in Resources */ = {isa = PBXBuildFile; fileRef = EF668E8622C2E6DA00E6AF2F /* Main.storyboard */; };
		EF668E8A22C2E6DD00E6AF2F /* Assets.xcassets in Resources */ = {isa = PBXBuildFile; fileRef = EF668E8922C2E6DD00E6AF2F /* Assets.xcassets */; };
		EF668E8D22C2E6DD00E6AF2F /* LaunchScreen.storyboard in Resources */ = {isa = PBXBuildFile; fileRef = EF668E8B22C2E6DD00E6AF2F /* LaunchScreen.storyboard */; };
		EF668E9822C2E6DD00E6AF2F /* Inventory_TrackerTests.swift in Sources */ = {isa = PBXBuildFile; fileRef = EF668E9722C2E6DD00E6AF2F /* Inventory_TrackerTests.swift */; };
		EF668EA322C2E6DD00E6AF2F /* Inventory_TrackerUITests.swift in Sources */ = {isa = PBXBuildFile; fileRef = EF668EA222C2E6DD00E6AF2F /* Inventory_TrackerUITests.swift */; };
		EF668EB122C2F5F300E6AF2F /* GoogleService-Info.plist in Resources */ = {isa = PBXBuildFile; fileRef = EF668EB022C2F5F300E6AF2F /* GoogleService-Info.plist */; };
		EF668EB222C2F5F300E6AF2F /* GoogleService-Info.plist in Resources */ = {isa = PBXBuildFile; fileRef = EF668EB022C2F5F300E6AF2F /* GoogleService-Info.plist */; };
		EF668EB322C2F5F300E6AF2F /* GoogleService-Info.plist in Resources */ = {isa = PBXBuildFile; fileRef = EF668EB022C2F5F300E6AF2F /* GoogleService-Info.plist */; };
/* End PBXBuildFile section */

/* Begin PBXContainerItemProxy section */
		EF668E9422C2E6DD00E6AF2F /* PBXContainerItemProxy */ = {
			isa = PBXContainerItemProxy;
			containerPortal = EF668E7722C2E6DA00E6AF2F /* Project object */;
			proxyType = 1;
			remoteGlobalIDString = EF668E7E22C2E6DA00E6AF2F;
			remoteInfo = "Inventory Tracker";
		};
		EF668E9F22C2E6DD00E6AF2F /* PBXContainerItemProxy */ = {
			isa = PBXContainerItemProxy;
			containerPortal = EF668E7722C2E6DA00E6AF2F /* Project object */;
			proxyType = 1;
			remoteGlobalIDString = EF668E7E22C2E6DA00E6AF2F;
			remoteInfo = "Inventory Tracker";
		};
/* End PBXContainerItemProxy section */

/* Begin PBXFileReference section */
		2E1A1F9362311B3FD0574580 /* Pods_Inventory_TrackerUITests.framework */ = {isa = PBXFileReference; explicitFileType = wrapper.framework; includeInIndex = 0; path = Pods_Inventory_TrackerUITests.framework; sourceTree = BUILT_PRODUCTS_DIR; };
		67F0DA8A30B8F7D600AA7AA2 /* Pods_Inventory_Tracker.framework */ = {isa = PBXFileReference; explicitFileType = wrapper.framework; includeInIndex = 0; path = Pods_Inventory_Tracker.framework; sourceTree = BUILT_PRODUCTS_DIR; };
		6FEEB89CB99C3CF24F82E0CE /* Pods-Inventory TrackerUITests.release.xcconfig */ = {isa = PBXFileReference; includeInIndex = 1; lastKnownFileType = text.xcconfig; name = "Pods-Inventory TrackerUITests.release.xcconfig"; path = "Pods/Target Support Files/Pods-Inventory TrackerUITests/Pods-Inventory TrackerUITests.release.xcconfig"; sourceTree = "<group>"; };
		993B24D3EC715B4278E454C0 /* Pods-Inventory TrackerTests.debug.xcconfig */ = {isa = PBXFileReference; includeInIndex = 1; lastKnownFileType = text.xcconfig; name = "Pods-Inventory TrackerTests.debug.xcconfig"; path = "Pods/Target Support Files/Pods-Inventory TrackerTests/Pods-Inventory TrackerTests.debug.xcconfig"; sourceTree = "<group>"; };
		9BEDAF0317E421AD41A2D322 /* Pods-Inventory TrackerTests.release.xcconfig */ = {isa = PBXFileReference; includeInIndex = 1; lastKnownFileType = text.xcconfig; name = "Pods-Inventory TrackerTests.release.xcconfig"; path = "Pods/Target Support Files/Pods-Inventory TrackerTests/Pods-Inventory TrackerTests.release.xcconfig"; sourceTree = "<group>"; };
		A8E201A37660EA61B1643D60 /* Pods-Inventory Tracker.debug.xcconfig */ = {isa = PBXFileReference; includeInIndex = 1; lastKnownFileType = text.xcconfig; name = "Pods-Inventory Tracker.debug.xcconfig"; path = "Pods/Target Support Files/Pods-Inventory Tracker/Pods-Inventory Tracker.debug.xcconfig"; sourceTree = "<group>"; };
		B8B11FBAEC0627DDD62F0303 /* Pods-Inventory Tracker.release.xcconfig */ = {isa = PBXFileReference; includeInIndex = 1; lastKnownFileType = text.xcconfig; name = "Pods-Inventory Tracker.release.xcconfig"; path = "Pods/Target Support Files/Pods-Inventory Tracker/Pods-Inventory Tracker.release.xcconfig"; sourceTree = "<group>"; };
		E8D372D1CB185400EAC86A51 /* Pods-Inventory TrackerUITests.debug.xcconfig */ = {isa = PBXFileReference; includeInIndex = 1; lastKnownFileType = text.xcconfig; name = "Pods-Inventory TrackerUITests.debug.xcconfig"; path = "Pods/Target Support Files/Pods-Inventory TrackerUITests/Pods-Inventory TrackerUITests.debug.xcconfig"; sourceTree = "<group>"; };
		E8DA4A7A4F9BAF123E96C63D /* Pods_Inventory_TrackerTests.framework */ = {isa = PBXFileReference; explicitFileType = wrapper.framework; includeInIndex = 0; path = Pods_Inventory_TrackerTests.framework; sourceTree = BUILT_PRODUCTS_DIR; };
		EF668E7F22C2E6DA00E6AF2F /* Inventory Tracker.app */ = {isa = PBXFileReference; explicitFileType = wrapper.application; includeInIndex = 0; path = "Inventory Tracker.app"; sourceTree = BUILT_PRODUCTS_DIR; };
		EF668E8222C2E6DA00E6AF2F /* AppDelegate.swift */ = {isa = PBXFileReference; lastKnownFileType = sourcecode.swift; path = AppDelegate.swift; sourceTree = "<group>"; };
		EF668E8422C2E6DA00E6AF2F /* ViewController.swift */ = {isa = PBXFileReference; lastKnownFileType = sourcecode.swift; path = ViewController.swift; sourceTree = "<group>"; };
		EF668E8722C2E6DA00E6AF2F /* Base */ = {isa = PBXFileReference; lastKnownFileType = file.storyboard; name = Base; path = Base.lproj/Main.storyboard; sourceTree = "<group>"; };
		EF668E8922C2E6DD00E6AF2F /* Assets.xcassets */ = {isa = PBXFileReference; lastKnownFileType = folder.assetcatalog; path = Assets.xcassets; sourceTree = "<group>"; };
		EF668E8C22C2E6DD00E6AF2F /* Base */ = {isa = PBXFileReference; lastKnownFileType = file.storyboard; name = Base; path = Base.lproj/LaunchScreen.storyboard; sourceTree = "<group>"; };
		EF668E8E22C2E6DD00E6AF2F /* Info.plist */ = {isa = PBXFileReference; lastKnownFileType = text.plist.xml; path = Info.plist; sourceTree = "<group>"; };
		EF668E9322C2E6DD00E6AF2F /* Inventory TrackerTests.xctest */ = {isa = PBXFileReference; explicitFileType = wrapper.cfbundle; includeInIndex = 0; path = "Inventory TrackerTests.xctest"; sourceTree = BUILT_PRODUCTS_DIR; };
		EF668E9722C2E6DD00E6AF2F /* Inventory_TrackerTests.swift */ = {isa = PBXFileReference; lastKnownFileType = sourcecode.swift; path = Inventory_TrackerTests.swift; sourceTree = "<group>"; };
		EF668E9922C2E6DD00E6AF2F /* Info.plist */ = {isa = PBXFileReference; lastKnownFileType = text.plist.xml; path = Info.plist; sourceTree = "<group>"; };
		EF668E9E22C2E6DD00E6AF2F /* Inventory TrackerUITests.xctest */ = {isa = PBXFileReference; explicitFileType = wrapper.cfbundle; includeInIndex = 0; path = "Inventory TrackerUITests.xctest"; sourceTree = BUILT_PRODUCTS_DIR; };
		EF668EA222C2E6DD00E6AF2F /* Inventory_TrackerUITests.swift */ = {isa = PBXFileReference; lastKnownFileType = sourcecode.swift; path = Inventory_TrackerUITests.swift; sourceTree = "<group>"; };
		EF668EA422C2E6DD00E6AF2F /* Info.plist */ = {isa = PBXFileReference; lastKnownFileType = text.plist.xml; path = Info.plist; sourceTree = "<group>"; };
		EF668EB022C2F5F300E6AF2F /* GoogleService-Info.plist */ = {isa = PBXFileReference; fileEncoding = 4; lastKnownFileType = text.plist.xml; path = "GoogleService-Info.plist"; sourceTree = "<group>"; };
/* End PBXFileReference section */

/* Begin PBXFrameworksBuildPhase section */
		EF668E7C22C2E6DA00E6AF2F /* Frameworks */ = {
			isa = PBXFrameworksBuildPhase;
			buildActionMask = 2147483647;
			files = (
				DE13CC57F8BB7852AB4241BD /* Pods_Inventory_Tracker.framework in Frameworks */,
			);
			runOnlyForDeploymentPostprocessing = 0;
		};
		EF668E9022C2E6DD00E6AF2F /* Frameworks */ = {
			isa = PBXFrameworksBuildPhase;
			buildActionMask = 2147483647;
			files = (
				B05DAD148AE85A9DE79A078F /* Pods_Inventory_TrackerTests.framework in Frameworks */,
			);
			runOnlyForDeploymentPostprocessing = 0;
		};
		EF668E9B22C2E6DD00E6AF2F /* Frameworks */ = {
			isa = PBXFrameworksBuildPhase;
			buildActionMask = 2147483647;
			files = (
				9AD5A637F8C7382C38C27331 /* Pods_Inventory_TrackerUITests.framework in Frameworks */,
			);
			runOnlyForDeploymentPostprocessing = 0;
		};
/* End PBXFrameworksBuildPhase section */

/* Begin PBXGroup section */
		11F03F4598ABD9088B94B443 /* Frameworks */ = {
			isa = PBXGroup;
			children = (
				67F0DA8A30B8F7D600AA7AA2 /* Pods_Inventory_Tracker.framework */,
				E8DA4A7A4F9BAF123E96C63D /* Pods_Inventory_TrackerTests.framework */,
				2E1A1F9362311B3FD0574580 /* Pods_Inventory_TrackerUITests.framework */,
			);
			name = Frameworks;
			sourceTree = "<group>";
		};
		66877882C1F38E7099016F79 /* Pods */ = {
			isa = PBXGroup;
			children = (
				A8E201A37660EA61B1643D60 /* Pods-Inventory Tracker.debug.xcconfig */,
				B8B11FBAEC0627DDD62F0303 /* Pods-Inventory Tracker.release.xcconfig */,
				993B24D3EC715B4278E454C0 /* Pods-Inventory TrackerTests.debug.xcconfig */,
				9BEDAF0317E421AD41A2D322 /* Pods-Inventory TrackerTests.release.xcconfig */,
				E8D372D1CB185400EAC86A51 /* Pods-Inventory TrackerUITests.debug.xcconfig */,
				6FEEB89CB99C3CF24F82E0CE /* Pods-Inventory TrackerUITests.release.xcconfig */,
			);
			name = Pods;
			sourceTree = "<group>";
		};
		EF668E7622C2E6DA00E6AF2F = {
			isa = PBXGroup;
			children = (
				EF668E8122C2E6DA00E6AF2F /* Inventory Tracker */,
				EF668E9622C2E6DD00E6AF2F /* Inventory TrackerTests */,
				EF668EA122C2E6DD00E6AF2F /* Inventory TrackerUITests */,
				EF668E8022C2E6DA00E6AF2F /* Products */,
				66877882C1F38E7099016F79 /* Pods */,
				11F03F4598ABD9088B94B443 /* Frameworks */,
			);
			sourceTree = "<group>";
		};
		EF668E8022C2E6DA00E6AF2F /* Products */ = {
			isa = PBXGroup;
			children = (
				EF668E7F22C2E6DA00E6AF2F /* Inventory Tracker.app */,
				EF668E9322C2E6DD00E6AF2F /* Inventory TrackerTests.xctest */,
				EF668E9E22C2E6DD00E6AF2F /* Inventory TrackerUITests.xctest */,
			);
			name = Products;
			sourceTree = "<group>";
		};
		EF668E8122C2E6DA00E6AF2F /* Inventory Tracker */ = {
			isa = PBXGroup;
			children = (
				EF668EB022C2F5F300E6AF2F /* GoogleService-Info.plist */,
				EF668E8222C2E6DA00E6AF2F /* AppDelegate.swift */,
				EF668E8422C2E6DA00E6AF2F /* ViewController.swift */,
				EF668E8622C2E6DA00E6AF2F /* Main.storyboard */,
				EF668E8922C2E6DD00E6AF2F /* Assets.xcassets */,
				EF668E8B22C2E6DD00E6AF2F /* LaunchScreen.storyboard */,
				EF668E8E22C2E6DD00E6AF2F /* Info.plist */,
			);
			path = "Inventory Tracker";
			sourceTree = "<group>";
		};
		EF668E9622C2E6DD00E6AF2F /* Inventory TrackerTests */ = {
			isa = PBXGroup;
			children = (
				EF668E9722C2E6DD00E6AF2F /* Inventory_TrackerTests.swift */,
				EF668E9922C2E6DD00E6AF2F /* Info.plist */,
			);
			path = "Inventory TrackerTests";
			sourceTree = "<group>";
		};
		EF668EA122C2E6DD00E6AF2F /* Inventory TrackerUITests */ = {
			isa = PBXGroup;
			children = (
				EF668EA222C2E6DD00E6AF2F /* Inventory_TrackerUITests.swift */,
				EF668EA422C2E6DD00E6AF2F /* Info.plist */,
			);
			path = "Inventory TrackerUITests";
			sourceTree = "<group>";
		};
/* End PBXGroup section */

/* Begin PBXNativeTarget section */
		EF668E7E22C2E6DA00E6AF2F /* Inventory Tracker */ = {
			isa = PBXNativeTarget;
			buildConfigurationList = EF668EA722C2E6DD00E6AF2F /* Build configuration list for PBXNativeTarget "Inventory Tracker" */;
			buildPhases = (
				308760A4C51CA939FB4E33FF /* [CP] Check Pods Manifest.lock */,
				EF668E7B22C2E6DA00E6AF2F /* Sources */,
				EF668E7C22C2E6DA00E6AF2F /* Frameworks */,
				EF668E7D22C2E6DA00E6AF2F /* Resources */,
				FCBB860BBE085CCE4C312403 /* [CP] Embed Pods Frameworks */,
			);
			buildRules = (
			);
			dependencies = (
			);
			name = "Inventory Tracker";
			productName = "Inventory Tracker";
			productReference = EF668E7F22C2E6DA00E6AF2F /* Inventory Tracker.app */;
			productType = "com.apple.product-type.application";
		};
		EF668E9222C2E6DD00E6AF2F /* Inventory TrackerTests */ = {
			isa = PBXNativeTarget;
			buildConfigurationList = EF668EAA22C2E6DD00E6AF2F /* Build configuration list for PBXNativeTarget "Inventory TrackerTests" */;
			buildPhases = (
				FC2608119A6F43F97295BDBF /* [CP] Check Pods Manifest.lock */,
				EF668E8F22C2E6DD00E6AF2F /* Sources */,
				EF668E9022C2E6DD00E6AF2F /* Frameworks */,
				EF668E9122C2E6DD00E6AF2F /* Resources */,
			);
			buildRules = (
			);
			dependencies = (
				EF668E9522C2E6DD00E6AF2F /* PBXTargetDependency */,
			);
			name = "Inventory TrackerTests";
			productName = "Inventory TrackerTests";
			productReference = EF668E9322C2E6DD00E6AF2F /* Inventory TrackerTests.xctest */;
			productType = "com.apple.product-type.bundle.unit-test";
		};
		EF668E9D22C2E6DD00E6AF2F /* Inventory TrackerUITests */ = {
			isa = PBXNativeTarget;
			buildConfigurationList = EF668EAD22C2E6DD00E6AF2F /* Build configuration list for PBXNativeTarget "Inventory TrackerUITests" */;
			buildPhases = (
				994818EEA5D56E4F1C5E1619 /* [CP] Check Pods Manifest.lock */,
				EF668E9A22C2E6DD00E6AF2F /* Sources */,
				EF668E9B22C2E6DD00E6AF2F /* Frameworks */,
				EF668E9C22C2E6DD00E6AF2F /* Resources */,
			);
			buildRules = (
			);
			dependencies = (
				EF668EA022C2E6DD00E6AF2F /* PBXTargetDependency */,
			);
			name = "Inventory TrackerUITests";
			productName = "Inventory TrackerUITests";
			productReference = EF668E9E22C2E6DD00E6AF2F /* Inventory TrackerUITests.xctest */;
			productType = "com.apple.product-type.bundle.ui-testing";
		};
/* End PBXNativeTarget section */

/* Begin PBXProject section */
		EF668E7722C2E6DA00E6AF2F /* Project object */ = {
			isa = PBXProject;
			attributes = {
				LastSwiftUpdateCheck = 1010;
				LastUpgradeCheck = 1010;
				ORGANIZATIONNAME = FinnitoProductions;
				TargetAttributes = {
					EF668E7E22C2E6DA00E6AF2F = {
						CreatedOnToolsVersion = 10.1;
					};
					EF668E9222C2E6DD00E6AF2F = {
						CreatedOnToolsVersion = 10.1;
						TestTargetID = EF668E7E22C2E6DA00E6AF2F;
					};
					EF668E9D22C2E6DD00E6AF2F = {
						CreatedOnToolsVersion = 10.1;
						TestTargetID = EF668E7E22C2E6DA00E6AF2F;
					};
				};
			};
			buildConfigurationList = EF668E7A22C2E6DA00E6AF2F /* Build configuration list for PBXProject "Inventory Tracker" */;
			compatibilityVersion = "Xcode 9.3";
			developmentRegion = en;
			hasScannedForEncodings = 0;
			knownRegions = (
				en,
				Base,
			);
			mainGroup = EF668E7622C2E6DA00E6AF2F;
			productRefGroup = EF668E8022C2E6DA00E6AF2F /* Products */;
			projectDirPath = "";
			projectRoot = "";
			targets = (
				EF668E7E22C2E6DA00E6AF2F /* Inventory Tracker */,
				EF668E9222C2E6DD00E6AF2F /* Inventory TrackerTests */,
				EF668E9D22C2E6DD00E6AF2F /* Inventory TrackerUITests */,
			);
		};
/* End PBXProject section */

/* Begin PBXResourcesBuildPhase section */
		EF668E7D22C2E6DA00E6AF2F /* Resources */ = {
			isa = PBXResourcesBuildPhase;
			buildActionMask = 2147483647;
			files = (
				EF668E8D22C2E6DD00E6AF2F /* LaunchScreen.storyboard in Resources */,
				EF668EB122C2F5F300E6AF2F /* GoogleService-Info.plist in Resources */,
				EF668E8A22C2E6DD00E6AF2F /* Assets.xcassets in Resources */,
				EF668E8822C2E6DA00E6AF2F /* Main.storyboard in Resources */,
			);
			runOnlyForDeploymentPostprocessing = 0;
		};
		EF668E9122C2E6DD00E6AF2F /* Resources */ = {
			isa = PBXResourcesBuildPhase;
			buildActionMask = 2147483647;
			files = (
				EF668EB222C2F5F300E6AF2F /* GoogleService-Info.plist in Resources */,
			);
			runOnlyForDeploymentPostprocessing = 0;
		};
		EF668E9C22C2E6DD00E6AF2F /* Resources */ = {
			isa = PBXResourcesBuildPhase;
			buildActionMask = 2147483647;
			files = (
				EF668EB322C2F5F300E6AF2F /* GoogleService-Info.plist in Resources */,
			);
			runOnlyForDeploymentPostprocessing = 0;
		};
/* End PBXResourcesBuildPhase section */

/* Begin PBXShellScriptBuildPhase section */
		308760A4C51CA939FB4E33FF /* [CP] Check Pods Manifest.lock */ = {
			isa = PBXShellScriptBuildPhase;
			buildActionMask = 2147483647;
			files = (
			);
			inputFileListPaths = (
			);
			inputPaths = (
				"${PODS_PODFILE_DIR_PATH}/Podfile.lock",
				"${PODS_ROOT}/Manifest.lock",
			);
			name = "[CP] Check Pods Manifest.lock";
			outputFileListPaths = (
			);
			outputPaths = (
				"$(DERIVED_FILE_DIR)/Pods-Inventory Tracker-checkManifestLockResult.txt",
			);
			runOnlyForDeploymentPostprocessing = 0;
			shellPath = /bin/sh;
			shellScript = "diff \"${PODS_PODFILE_DIR_PATH}/Podfile.lock\" \"${PODS_ROOT}/Manifest.lock\" > /dev/null\nif [ $? != 0 ] ; then\n    # print error to STDERR\n    echo \"error: The sandbox is not in sync with the Podfile.lock. Run 'pod install' or update your CocoaPods installation.\" >&2\n    exit 1\nfi\n# This output is used by Xcode 'outputs' to avoid re-running this script phase.\necho \"SUCCESS\" > \"${SCRIPT_OUTPUT_FILE_0}\"\n";
			showEnvVarsInLog = 0;
		};
		994818EEA5D56E4F1C5E1619 /* [CP] Check Pods Manifest.lock */ = {
			isa = PBXShellScriptBuildPhase;
			buildActionMask = 2147483647;
			files = (
			);
			inputFileListPaths = (
			);
			inputPaths = (
				"${PODS_PODFILE_DIR_PATH}/Podfile.lock",
				"${PODS_ROOT}/Manifest.lock",
			);
			name = "[CP] Check Pods Manifest.lock";
			outputFileListPaths = (
			);
			outputPaths = (
				"$(DERIVED_FILE_DIR)/Pods-Inventory TrackerUITests-checkManifestLockResult.txt",
			);
			runOnlyForDeploymentPostprocessing = 0;
			shellPath = /bin/sh;
			shellScript = "diff \"${PODS_PODFILE_DIR_PATH}/Podfile.lock\" \"${PODS_ROOT}/Manifest.lock\" > /dev/null\nif [ $? != 0 ] ; then\n    # print error to STDERR\n    echo \"error: The sandbox is not in sync with the Podfile.lock. Run 'pod install' or update your CocoaPods installation.\" >&2\n    exit 1\nfi\n# This output is used by Xcode 'outputs' to avoid re-running this script phase.\necho \"SUCCESS\" > \"${SCRIPT_OUTPUT_FILE_0}\"\n";
			showEnvVarsInLog = 0;
		};
		FC2608119A6F43F97295BDBF /* [CP] Check Pods Manifest.lock */ = {
			isa = PBXShellScriptBuildPhase;
			buildActionMask = 2147483647;
			files = (
			);
			inputFileListPaths = (
			);
			inputPaths = (
				"${PODS_PODFILE_DIR_PATH}/Podfile.lock",
				"${PODS_ROOT}/Manifest.lock",
			);
			name = "[CP] Check Pods Manifest.lock";
			outputFileListPaths = (
			);
			outputPaths = (
				"$(DERIVED_FILE_DIR)/Pods-Inventory TrackerTests-checkManifestLockResult.txt",
			);
			runOnlyForDeploymentPostprocessing = 0;
			shellPath = /bin/sh;
			shellScript = "diff \"${PODS_PODFILE_DIR_PATH}/Podfile.lock\" \"${PODS_ROOT}/Manifest.lock\" > /dev/null\nif [ $? != 0 ] ; then\n    # print error to STDERR\n    echo \"error: The sandbox is not in sync with the Podfile.lock. Run 'pod install' or update your CocoaPods installation.\" >&2\n    exit 1\nfi\n# This output is used by Xcode 'outputs' to avoid re-running this script phase.\necho \"SUCCESS\" > \"${SCRIPT_OUTPUT_FILE_0}\"\n";
			showEnvVarsInLog = 0;
		};
		FCBB860BBE085CCE4C312403 /* [CP] Embed Pods Frameworks */ = {
			isa = PBXShellScriptBuildPhase;
			buildActionMask = 2147483647;
			files = (
			);
			inputFileListPaths = (
			);
			inputPaths = (
				"${SRCROOT}/Pods/Target Support Files/Pods-Inventory Tracker/Pods-Inventory Tracker-frameworks.sh",
				"${BUILT_PRODUCTS_DIR}/GTMSessionFetcher/GTMSessionFetcher.framework",
				"${BUILT_PRODUCTS_DIR}/GoogleAPIClientForREST/GoogleAPIClientForREST.framework",
				"${BUILT_PRODUCTS_DIR}/GoogleToolboxForMac/GoogleToolboxForMac.framework",
				"${BUILT_PRODUCTS_DIR}/GoogleUtilities/GoogleUtilities.framework",
				"${BUILT_PRODUCTS_DIR}/Protobuf/Protobuf.framework",
				"${BUILT_PRODUCTS_DIR}/nanopb/nanopb.framework",
			);
			name = "[CP] Embed Pods Frameworks";
			outputFileListPaths = (
			);
			outputPaths = (
				"${TARGET_BUILD_DIR}/${FRAMEWORKS_FOLDER_PATH}/GTMSessionFetcher.framework",
				"${TARGET_BUILD_DIR}/${FRAMEWORKS_FOLDER_PATH}/GoogleAPIClientForREST.framework",
				"${TARGET_BUILD_DIR}/${FRAMEWORKS_FOLDER_PATH}/GoogleToolboxForMac.framework",
				"${TARGET_BUILD_DIR}/${FRAMEWORKS_FOLDER_PATH}/GoogleUtilities.framework",
				"${TARGET_BUILD_DIR}/${FRAMEWORKS_FOLDER_PATH}/Protobuf.framework",
				"${TARGET_BUILD_DIR}/${FRAMEWORKS_FOLDER_PATH}/nanopb.framework",
			);
			runOnlyForDeploymentPostprocessing = 0;
			shellPath = /bin/sh;
			shellScript = "\"${SRCROOT}/Pods/Target Support Files/Pods-Inventory Tracker/Pods-Inventory Tracker-frameworks.sh\"\n";
			showEnvVarsInLog = 0;
		};
/* End PBXShellScriptBuildPhase section */

/* Begin PBXSourcesBuildPhase section */
		EF668E7B22C2E6DA00E6AF2F /* Sources */ = {
			isa = PBXSourcesBuildPhase;
			buildActionMask = 2147483647;
			files = (
				EF668E8522C2E6DA00E6AF2F /* ViewController.swift in Sources */,
				EF668E8322C2E6DA00E6AF2F /* AppDelegate.swift in Sources */,
			);
			runOnlyForDeploymentPostprocessing = 0;
		};
		EF668E8F22C2E6DD00E6AF2F /* Sources */ = {
			isa = PBXSourcesBuildPhase;
			buildActionMask = 2147483647;
			files = (
				EF668E9822C2E6DD00E6AF2F /* Inventory_TrackerTests.swift in Sources */,
			);
			runOnlyForDeploymentPostprocessing = 0;
		};
		EF668E9A22C2E6DD00E6AF2F /* Sources */ = {
			isa = PBXSourcesBuildPhase;
			buildActionMask = 2147483647;
			files = (
				EF668EA322C2E6DD00E6AF2F /* Inventory_TrackerUITests.swift in Sources */,
			);
			runOnlyForDeploymentPostprocessing = 0;
		};
/* End PBXSourcesBuildPhase section */

/* Begin PBXTargetDependency section */
		EF668E9522C2E6DD00E6AF2F /* PBXTargetDependency */ = {
			isa = PBXTargetDependency;
			target = EF668E7E22C2E6DA00E6AF2F /* Inventory Tracker */;
			targetProxy = EF668E9422C2E6DD00E6AF2F /* PBXContainerItemProxy */;
		};
		EF668EA022C2E6DD00E6AF2F /* PBXTargetDependency */ = {
			isa = PBXTargetDependency;
			target = EF668E7E22C2E6DA00E6AF2F /* Inventory Tracker */;
			targetProxy = EF668E9F22C2E6DD00E6AF2F /* PBXContainerItemProxy */;
		};
/* End PBXTargetDependency section */

/* Begin PBXVariantGroup section */
		EF668E8622C2E6DA00E6AF2F /* Main.storyboard */ = {
			isa = PBXVariantGroup;
			children = (
				EF668E8722C2E6DA00E6AF2F /* Base */,
			);
			name = Main.storyboard;
			sourceTree = "<group>";
		};
		EF668E8B22C2E6DD00E6AF2F /* LaunchScreen.storyboard */ = {
			isa = PBXVariantGroup;
			children = (
				EF668E8C22C2E6DD00E6AF2F /* Base */,
			);
			name = LaunchScreen.storyboard;
			sourceTree = "<group>";
		};
/* End PBXVariantGroup section */

/* Begin XCBuildConfiguration section */
		EF668EA522C2E6DD00E6AF2F /* Debug */ = {
			isa = XCBuildConfiguration;
			buildSettings = {
				ALWAYS_SEARCH_USER_PATHS = NO;
				CLANG_ANALYZER_NONNULL = YES;
				CLANG_ANALYZER_NUMBER_OBJECT_CONVERSION = YES_AGGRESSIVE;
				CLANG_CXX_LANGUAGE_STANDARD = "gnu++14";
				CLANG_CXX_LIBRARY = "libc++";
				CLANG_ENABLE_MODULES = YES;
				CLANG_ENABLE_OBJC_ARC = YES;
				CLANG_ENABLE_OBJC_WEAK = YES;
				CLANG_WARN_BLOCK_CAPTURE_AUTORELEASING = YES;
				CLANG_WARN_BOOL_CONVERSION = YES;
				CLANG_WARN_COMMA = YES;
				CLANG_WARN_CONSTANT_CONVERSION = YES;
				CLANG_WARN_DEPRECATED_OBJC_IMPLEMENTATIONS = YES;
				CLANG_WARN_DIRECT_OBJC_ISA_USAGE = YES_ERROR;
				CLANG_WARN_DOCUMENTATION_COMMENTS = YES;
				CLANG_WARN_EMPTY_BODY = YES;
				CLANG_WARN_ENUM_CONVERSION = YES;
				CLANG_WARN_INFINITE_RECURSION = YES;
				CLANG_WARN_INT_CONVERSION = YES;
				CLANG_WARN_NON_LITERAL_NULL_CONVERSION = YES;
				CLANG_WARN_OBJC_IMPLICIT_RETAIN_SELF = YES;
				CLANG_WARN_OBJC_LITERAL_CONVERSION = YES;
				CLANG_WARN_OBJC_ROOT_CLASS = YES_ERROR;
				CLANG_WARN_RANGE_LOOP_ANALYSIS = YES;
				CLANG_WARN_STRICT_PROTOTYPES = YES;
				CLANG_WARN_SUSPICIOUS_MOVE = YES;
				CLANG_WARN_UNGUARDED_AVAILABILITY = YES_AGGRESSIVE;
				CLANG_WARN_UNREACHABLE_CODE = YES;
				CLANG_WARN__DUPLICATE_METHOD_MATCH = YES;
				CODE_SIGN_IDENTITY = "iPhone Developer";
				COPY_PHASE_STRIP = NO;
				DEBUG_INFORMATION_FORMAT = dwarf;
				ENABLE_STRICT_OBJC_MSGSEND = YES;
				ENABLE_TESTABILITY = YES;
				GCC_C_LANGUAGE_STANDARD = gnu11;
				GCC_DYNAMIC_NO_PIC = NO;
				GCC_NO_COMMON_BLOCKS = YES;
				GCC_OPTIMIZATION_LEVEL = 0;
				GCC_PREPROCESSOR_DEFINITIONS = (
					"DEBUG=1",
					"$(inherited)",
				);
				GCC_WARN_64_TO_32_BIT_CONVERSION = YES;
				GCC_WARN_ABOUT_RETURN_TYPE = YES_ERROR;
				GCC_WARN_UNDECLARED_SELECTOR = YES;
				GCC_WARN_UNINITIALIZED_AUTOS = YES_AGGRESSIVE;
				GCC_WARN_UNUSED_FUNCTION = YES;
				GCC_WARN_UNUSED_VARIABLE = YES;
				IPHONEOS_DEPLOYMENT_TARGET = 12.1;
				MTL_ENABLE_DEBUG_INFO = INCLUDE_SOURCE;
				MTL_FAST_MATH = YES;
				ONLY_ACTIVE_ARCH = YES;
				SDKROOT = iphoneos;
				SWIFT_ACTIVE_COMPILATION_CONDITIONS = DEBUG;
				SWIFT_OPTIMIZATION_LEVEL = "-Onone";
			};
			name = Debug;
		};
		EF668EA622C2E6DD00E6AF2F /* Release */ = {
			isa = XCBuildConfiguration;
			buildSettings = {
				ALWAYS_SEARCH_USER_PATHS = NO;
				CLANG_ANALYZER_NONNULL = YES;
				CLANG_ANALYZER_NUMBER_OBJECT_CONVERSION = YES_AGGRESSIVE;
				CLANG_CXX_LANGUAGE_STANDARD = "gnu++14";
				CLANG_CXX_LIBRARY = "libc++";
				CLANG_ENABLE_MODULES = YES;
				CLANG_ENABLE_OBJC_ARC = YES;
				CLANG_ENABLE_OBJC_WEAK = YES;
				CLANG_WARN_BLOCK_CAPTURE_AUTORELEASING = YES;
				CLANG_WARN_BOOL_CONVERSION = YES;
				CLANG_WARN_COMMA = YES;
				CLANG_WARN_CONSTANT_CONVERSION = YES;
				CLANG_WARN_DEPRECATED_OBJC_IMPLEMENTATIONS = YES;
				CLANG_WARN_DIRECT_OBJC_ISA_USAGE = YES_ERROR;
				CLANG_WARN_DOCUMENTATION_COMMENTS = YES;
				CLANG_WARN_EMPTY_BODY = YES;
				CLANG_WARN_ENUM_CONVERSION = YES;
				CLANG_WARN_INFINITE_RECURSION = YES;
				CLANG_WARN_INT_CONVERSION = YES;
				CLANG_WARN_NON_LITERAL_NULL_CONVERSION = YES;
				CLANG_WARN_OBJC_IMPLICIT_RETAIN_SELF = YES;
				CLANG_WARN_OBJC_LITERAL_CONVERSION = YES;
				CLANG_WARN_OBJC_ROOT_CLASS = YES_ERROR;
				CLANG_WARN_RANGE_LOOP_ANALYSIS = YES;
				CLANG_WARN_STRICT_PROTOTYPES = YES;
				CLANG_WARN_SUSPICIOUS_MOVE = YES;
				CLANG_WARN_UNGUARDED_AVAILABILITY = YES_AGGRESSIVE;
				CLANG_WARN_UNREACHABLE_CODE = YES;
				CLANG_WARN__DUPLICATE_METHOD_MATCH = YES;
				CODE_SIGN_IDENTITY = "iPhone Developer";
				COPY_PHASE_STRIP = NO;
				DEBUG_INFORMATION_FORMAT = "dwarf-with-dsym";
				ENABLE_NS_ASSERTIONS = NO;
				ENABLE_STRICT_OBJC_MSGSEND = YES;
				GCC_C_LANGUAGE_STANDARD = gnu11;
				GCC_NO_COMMON_BLOCKS = YES;
				GCC_WARN_64_TO_32_BIT_CONVERSION = YES;
				GCC_WARN_ABOUT_RETURN_TYPE = YES_ERROR;
				GCC_WARN_UNDECLARED_SELECTOR = YES;
				GCC_WARN_UNINITIALIZED_AUTOS = YES_AGGRESSIVE;
				GCC_WARN_UNUSED_FUNCTION = YES;
				GCC_WARN_UNUSED_VARIABLE = YES;
				IPHONEOS_DEPLOYMENT_TARGET = 12.1;
				MTL_ENABLE_DEBUG_INFO = NO;
				MTL_FAST_MATH = YES;
				SDKROOT = iphoneos;
				SWIFT_COMPILATION_MODE = wholemodule;
				SWIFT_OPTIMIZATION_LEVEL = "-O";
				VALIDATE_PRODUCT = YES;
			};
			name = Release;
		};
		EF668EA822C2E6DD00E6AF2F /* Debug */ = {
			isa = XCBuildConfiguration;
			baseConfigurationReference = A8E201A37660EA61B1643D60 /* Pods-Inventory Tracker.debug.xcconfig */;
			buildSettings = {
				ASSETCATALOG_COMPILER_APPICON_NAME = AppIcon;
				CODE_SIGN_STYLE = Automatic;
				DEVELOPMENT_TEAM = BT5UM346RN;
				INFOPLIST_FILE = "Inventory Tracker/Info.plist";
				LD_RUNPATH_SEARCH_PATHS = (
					"$(inherited)",
					"@executable_path/Frameworks",
				);
				PRODUCT_BUNDLE_IDENTIFIER = "FinnitoProductions.Inventory-Tracker";
				PRODUCT_NAME = "$(TARGET_NAME)";
				SWIFT_VERSION = 4.2;
				TARGETED_DEVICE_FAMILY = "1,2";
			};
			name = Debug;
		};
		EF668EA922C2E6DD00E6AF2F /* Release */ = {
			isa = XCBuildConfiguration;
			baseConfigurationReference = B8B11FBAEC0627DDD62F0303 /* Pods-Inventory Tracker.release.xcconfig */;
			buildSettings = {
				ASSETCATALOG_COMPILER_APPICON_NAME = AppIcon;
				CODE_SIGN_STYLE = Automatic;
				DEVELOPMENT_TEAM = BT5UM346RN;
				INFOPLIST_FILE = "Inventory Tracker/Info.plist";
				LD_RUNPATH_SEARCH_PATHS = (
					"$(inherited)",
					"@executable_path/Frameworks",
				);
				PRODUCT_BUNDLE_IDENTIFIER = "FinnitoProductions.Inventory-Tracker";
				PRODUCT_NAME = "$(TARGET_NAME)";
				SWIFT_VERSION = 4.2;
				TARGETED_DEVICE_FAMILY = "1,2";
			};
			name = Release;
		};
		EF668EAB22C2E6DD00E6AF2F /* Debug */ = {
			isa = XCBuildConfiguration;
			baseConfigurationReference = 993B24D3EC715B4278E454C0 /* Pods-Inventory TrackerTests.debug.xcconfig */;
			buildSettings = {
				ALWAYS_EMBED_SWIFT_STANDARD_LIBRARIES = YES;
				BUNDLE_LOADER = "$(TEST_HOST)";
				CODE_SIGN_STYLE = Automatic;
				DEVELOPMENT_TEAM = BT5UM346RN;
				INFOPLIST_FILE = "Inventory TrackerTests/Info.plist";
				LD_RUNPATH_SEARCH_PATHS = (
					"$(inherited)",
					"@executable_path/Frameworks",
					"@loader_path/Frameworks",
				);
				PRODUCT_BUNDLE_IDENTIFIER = "FinnitoProductions.Inventory-TrackerTests";
				PRODUCT_NAME = "$(TARGET_NAME)";
				SWIFT_VERSION = 4.2;
				TARGETED_DEVICE_FAMILY = "1,2";
				TEST_HOST = "$(BUILT_PRODUCTS_DIR)/Inventory Tracker.app/Inventory Tracker";
			};
			name = Debug;
		};
		EF668EAC22C2E6DD00E6AF2F /* Release */ = {
			isa = XCBuildConfiguration;
			baseConfigurationReference = 9BEDAF0317E421AD41A2D322 /* Pods-Inventory TrackerTests.release.xcconfig */;
			buildSettings = {
				ALWAYS_EMBED_SWIFT_STANDARD_LIBRARIES = YES;
				BUNDLE_LOADER = "$(TEST_HOST)";
				CODE_SIGN_STYLE = Automatic;
				DEVELOPMENT_TEAM = BT5UM346RN;
				INFOPLIST_FILE = "Inventory TrackerTests/Info.plist";
				LD_RUNPATH_SEARCH_PATHS = (
					"$(inherited)",
					"@executable_path/Frameworks",
					"@loader_path/Frameworks",
				);
				PRODUCT_BUNDLE_IDENTIFIER = "FinnitoProductions.Inventory-TrackerTests";
				PRODUCT_NAME = "$(TARGET_NAME)";
				SWIFT_VERSION = 4.2;
				TARGETED_DEVICE_FAMILY = "1,2";
				TEST_HOST = "$(BUILT_PRODUCTS_DIR)/Inventory Tracker.app/Inventory Tracker";
			};
			name = Release;
		};
		EF668EAE22C2E6DD00E6AF2F /* Debug */ = {
			isa = XCBuildConfiguration;
			baseConfigurationReference = E8D372D1CB185400EAC86A51 /* Pods-Inventory TrackerUITests.debug.xcconfig */;
			buildSettings = {
				ALWAYS_EMBED_SWIFT_STANDARD_LIBRARIES = YES;
				CODE_SIGN_STYLE = Automatic;
				DEVELOPMENT_TEAM = BT5UM346RN;
				INFOPLIST_FILE = "Inventory TrackerUITests/Info.plist";
				LD_RUNPATH_SEARCH_PATHS = (
					"$(inherited)",
					"@executable_path/Frameworks",
					"@loader_path/Frameworks",
				);
				PRODUCT_BUNDLE_IDENTIFIER = "FinnitoProductions.Inventory-TrackerUITests";
				PRODUCT_NAME = "$(TARGET_NAME)";
				SWIFT_VERSION = 4.2;
				TARGETED_DEVICE_FAMILY = "1,2";
				TEST_TARGET_NAME = "Inventory Tracker";
			};
			name = Debug;
		};
		EF668EAF22C2E6DD00E6AF2F /* Release */ = {
			isa = XCBuildConfiguration;
			baseConfigurationReference = 6FEEB89CB99C3CF24F82E0CE /* Pods-Inventory TrackerUITests.release.xcconfig */;
			buildSettings = {
				ALWAYS_EMBED_SWIFT_STANDARD_LIBRARIES = YES;
				CODE_SIGN_STYLE = Automatic;
				DEVELOPMENT_TEAM = BT5UM346RN;
				INFOPLIST_FILE = "Inventory TrackerUITests/Info.plist";
				LD_RUNPATH_SEARCH_PATHS = (
					"$(inherited)",
					"@executable_path/Frameworks",
					"@loader_path/Frameworks",
				);
				PRODUCT_BUNDLE_IDENTIFIER = "FinnitoProductions.Inventory-TrackerUITests";
				PRODUCT_NAME = "$(TARGET_NAME)";
				SWIFT_VERSION = 4.2;
				TARGETED_DEVICE_FAMILY = "1,2";
				TEST_TARGET_NAME = "Inventory Tracker";
			};
			name = Release;
		};
/* End XCBuildConfiguration section */

/* Begin XCConfigurationList section */
		EF668E7A22C2E6DA00E6AF2F /* Build configuration list for PBXProject "Inventory Tracker" */ = {
			isa = XCConfigurationList;
			buildConfigurations = (
				EF668EA522C2E6DD00E6AF2F /* Debug */,
				EF668EA622C2E6DD00E6AF2F /* Release */,
			);
			defaultConfigurationIsVisible = 0;
			defaultConfigurationName = Release;
		};
		EF668EA722C2E6DD00E6AF2F /* Build configuration list for PBXNativeTarget "Inventory Tracker" */ = {
			isa = XCConfigurationList;
			buildConfigurations = (
				EF668EA822C2E6DD00E6AF2F /* Debug */,
				EF668EA922C2E6DD00E6AF2F /* Release */,
			);
			defaultConfigurationIsVisible = 0;
			defaultConfigurationName = Release;
		};
		EF668EAA22C2E6DD00E6AF2F /* Build configuration list for PBXNativeTarget "Inventory TrackerTests" */ = {
			isa = XCConfigurationList;
			buildConfigurations = (
				EF668EAB22C2E6DD00E6AF2F /* Debug */,
				EF668EAC22C2E6DD00E6AF2F /* Release */,
			);
			defaultConfigurationIsVisible = 0;
			defaultConfigurationName = Release;
		};
		EF668EAD22C2E6DD00E6AF2F /* Build configuration list for PBXNativeTarget "Inventory TrackerUITests" */ = {
			isa = XCConfigurationList;
			buildConfigurations = (
				EF668EAE22C2E6DD00E6AF2F /* Debug */,
				EF668EAF22C2E6DD00E6AF2F /* Release */,
			);
			defaultConfigurationIsVisible = 0;
			defaultConfigurationName = Release;
		};
/* End XCConfigurationList section */
	};
	rootObject = EF668E7722C2E6DA00E6AF2F /* Project object */;
}
